// !$*UTF8*$!
{
	archiveVersion = 1;
	classes = {
	};
	objectVersion = 50;
	objects = {

/* Begin PBXBuildFile section */
		187E9CAA4FC44266522EE1A2 /* Pods_shopifyChallenge.framework in Frameworks */ = {isa = PBXBuildFile; fileRef = 31B26C4AC1C98E618EB8AF45 /* Pods_shopifyChallenge.framework */; };
		35E7D4D95569C3E24034842D /* Pods_shopifyChallengeUITests.framework in Frameworks */ = {isa = PBXBuildFile; fileRef = BEE2D2ABC2891DE37C68016F /* Pods_shopifyChallengeUITests.framework */; };
		510ED6822156E30B00535AC1 /* AppDelegate.swift in Sources */ = {isa = PBXBuildFile; fileRef = 510ED6812156E30B00535AC1 /* AppDelegate.swift */; };
		510ED6872156E30B00535AC1 /* Main.storyboard in Resources */ = {isa = PBXBuildFile; fileRef = 510ED6852156E30B00535AC1 /* Main.storyboard */; };
		510ED6892156E30C00535AC1 /* Assets.xcassets in Resources */ = {isa = PBXBuildFile; fileRef = 510ED6882156E30C00535AC1 /* Assets.xcassets */; };
		510ED68C2156E30C00535AC1 /* LaunchScreen.storyboard in Resources */ = {isa = PBXBuildFile; fileRef = 510ED68A2156E30C00535AC1 /* LaunchScreen.storyboard */; };
		510ED6972156E30D00535AC1 /* shopifyChallengeTests.swift in Sources */ = {isa = PBXBuildFile; fileRef = 510ED6962156E30D00535AC1 /* shopifyChallengeTests.swift */; };
		510ED6A22156E30D00535AC1 /* shopifyChallengeUITests.swift in Sources */ = {isa = PBXBuildFile; fileRef = 510ED6A12156E30D00535AC1 /* shopifyChallengeUITests.swift */; };
		510ED6B02156E3BC00535AC1 /* tagTableVC.swift in Sources */ = {isa = PBXBuildFile; fileRef = 510ED6AF2156E3BC00535AC1 /* tagTableVC.swift */; };
		510ED6B22156E3CB00535AC1 /* productTableVC.swift in Sources */ = {isa = PBXBuildFile; fileRef = 510ED6B12156E3CB00535AC1 /* productTableVC.swift */; };
		510ED6B52156E3E400535AC1 /* tagTableCell.swift in Sources */ = {isa = PBXBuildFile; fileRef = 510ED6B32156E3E400535AC1 /* tagTableCell.swift */; };
		510ED6B62156E3E400535AC1 /* tagTableCell.xib in Resources */ = {isa = PBXBuildFile; fileRef = 510ED6B42156E3E400535AC1 /* tagTableCell.xib */; };
		510ED6B92156E3F400535AC1 /* productTableCell.swift in Sources */ = {isa = PBXBuildFile; fileRef = 510ED6B72156E3F400535AC1 /* productTableCell.swift */; };
		510ED6BA2156E3F400535AC1 /* productTableCell.xib in Resources */ = {isa = PBXBuildFile; fileRef = 510ED6B82156E3F400535AC1 /* productTableCell.xib */; };
		AA3254EBB0408435A771555F /* Pods_shopifyChallengeTests.framework in Frameworks */ = {isa = PBXBuildFile; fileRef = C4C0DCD0BB22291E5B6F8713 /* Pods_shopifyChallengeTests.framework */; };
/* End PBXBuildFile section */

/* Begin PBXContainerItemProxy section */
		510ED6932156E30D00535AC1 /* PBXContainerItemProxy */ = {
			isa = PBXContainerItemProxy;
			containerPortal = 510ED6762156E30B00535AC1 /* Project object */;
			proxyType = 1;
			remoteGlobalIDString = 510ED67D2156E30B00535AC1;
			remoteInfo = shopifyChallenge;
		};
		510ED69E2156E30D00535AC1 /* PBXContainerItemProxy */ = {
			isa = PBXContainerItemProxy;
			containerPortal = 510ED6762156E30B00535AC1 /* Project object */;
			proxyType = 1;
			remoteGlobalIDString = 510ED67D2156E30B00535AC1;
			remoteInfo = shopifyChallenge;
		};
/* End PBXContainerItemProxy section */

/* Begin PBXFileReference section */
		31B26C4AC1C98E618EB8AF45 /* Pods_shopifyChallenge.framework */ = {isa = PBXFileReference; explicitFileType = wrapper.framework; includeInIndex = 0; path = Pods_shopifyChallenge.framework; sourceTree = BUILT_PRODUCTS_DIR; };
		4B17C3F685301891E51A0C77 /* Pods-shopifyChallengeUITests.release.xcconfig */ = {isa = PBXFileReference; includeInIndex = 1; lastKnownFileType = text.xcconfig; name = "Pods-shopifyChallengeUITests.release.xcconfig"; path = "Pods/Target Support Files/Pods-shopifyChallengeUITests/Pods-shopifyChallengeUITests.release.xcconfig"; sourceTree = "<group>"; };
		510ED67E2156E30B00535AC1 /* shopifyChallenge.app */ = {isa = PBXFileReference; explicitFileType = wrapper.application; includeInIndex = 0; path = shopifyChallenge.app; sourceTree = BUILT_PRODUCTS_DIR; };
		510ED6812156E30B00535AC1 /* AppDelegate.swift */ = {isa = PBXFileReference; lastKnownFileType = sourcecode.swift; path = AppDelegate.swift; sourceTree = "<group>"; };
		510ED6862156E30B00535AC1 /* Base */ = {isa = PBXFileReference; lastKnownFileType = file.storyboard; name = Base; path = Base.lproj/Main.storyboard; sourceTree = "<group>"; };
		510ED6882156E30C00535AC1 /* Assets.xcassets */ = {isa = PBXFileReference; lastKnownFileType = folder.assetcatalog; path = Assets.xcassets; sourceTree = "<group>"; };
		510ED68B2156E30C00535AC1 /* Base */ = {isa = PBXFileReference; lastKnownFileType = file.storyboard; name = Base; path = Base.lproj/LaunchScreen.storyboard; sourceTree = "<group>"; };
		510ED68D2156E30C00535AC1 /* Info.plist */ = {isa = PBXFileReference; lastKnownFileType = text.plist.xml; path = Info.plist; sourceTree = "<group>"; };
		510ED6922156E30D00535AC1 /* shopifyChallengeTests.xctest */ = {isa = PBXFileReference; explicitFileType = wrapper.cfbundle; includeInIndex = 0; path = shopifyChallengeTests.xctest; sourceTree = BUILT_PRODUCTS_DIR; };
		510ED6962156E30D00535AC1 /* shopifyChallengeTests.swift */ = {isa = PBXFileReference; lastKnownFileType = sourcecode.swift; path = shopifyChallengeTests.swift; sourceTree = "<group>"; };
		510ED6982156E30D00535AC1 /* Info.plist */ = {isa = PBXFileReference; lastKnownFileType = text.plist.xml; path = Info.plist; sourceTree = "<group>"; };
		510ED69D2156E30D00535AC1 /* shopifyChallengeUITests.xctest */ = {isa = PBXFileReference; explicitFileType = wrapper.cfbundle; includeInIndex = 0; path = shopifyChallengeUITests.xctest; sourceTree = BUILT_PRODUCTS_DIR; };
		510ED6A12156E30D00535AC1 /* shopifyChallengeUITests.swift */ = {isa = PBXFileReference; lastKnownFileType = sourcecode.swift; path = shopifyChallengeUITests.swift; sourceTree = "<group>"; };
		510ED6A32156E30D00535AC1 /* Info.plist */ = {isa = PBXFileReference; lastKnownFileType = text.plist.xml; path = Info.plist; sourceTree = "<group>"; };
		510ED6AF2156E3BC00535AC1 /* tagTableVC.swift */ = {isa = PBXFileReference; lastKnownFileType = sourcecode.swift; path = tagTableVC.swift; sourceTree = "<group>"; };
		510ED6B12156E3CB00535AC1 /* productTableVC.swift */ = {isa = PBXFileReference; lastKnownFileType = sourcecode.swift; path = productTableVC.swift; sourceTree = "<group>"; };
		510ED6B32156E3E400535AC1 /* tagTableCell.swift */ = {isa = PBXFileReference; lastKnownFileType = sourcecode.swift; path = tagTableCell.swift; sourceTree = "<group>"; };
		510ED6B42156E3E400535AC1 /* tagTableCell.xib */ = {isa = PBXFileReference; lastKnownFileType = file.xib; path = tagTableCell.xib; sourceTree = "<group>"; };
		510ED6B72156E3F400535AC1 /* productTableCell.swift */ = {isa = PBXFileReference; lastKnownFileType = sourcecode.swift; path = productTableCell.swift; sourceTree = "<group>"; };
		510ED6B82156E3F400535AC1 /* productTableCell.xib */ = {isa = PBXFileReference; lastKnownFileType = file.xib; path = productTableCell.xib; sourceTree = "<group>"; };
		8438B44B1FBEC3B200ABAD19 /* Pods-shopifyChallengeTests.release.xcconfig */ = {isa = PBXFileReference; includeInIndex = 1; lastKnownFileType = text.xcconfig; name = "Pods-shopifyChallengeTests.release.xcconfig"; path = "Pods/Target Support Files/Pods-shopifyChallengeTests/Pods-shopifyChallengeTests.release.xcconfig"; sourceTree = "<group>"; };
		AF26ECC23080CA2EED4F8C24 /* Pods-shopifyChallenge.debug.xcconfig */ = {isa = PBXFileReference; includeInIndex = 1; lastKnownFileType = text.xcconfig; name = "Pods-shopifyChallenge.debug.xcconfig"; path = "Pods/Target Support Files/Pods-shopifyChallenge/Pods-shopifyChallenge.debug.xcconfig"; sourceTree = "<group>"; };
		B08B8103267A10BB209C1476 /* Pods-shopifyChallengeTests.debug.xcconfig */ = {isa = PBXFileReference; includeInIndex = 1; lastKnownFileType = text.xcconfig; name = "Pods-shopifyChallengeTests.debug.xcconfig"; path = "Pods/Target Support Files/Pods-shopifyChallengeTests/Pods-shopifyChallengeTests.debug.xcconfig"; sourceTree = "<group>"; };
		BEE2D2ABC2891DE37C68016F /* Pods_shopifyChallengeUITests.framework */ = {isa = PBXFileReference; explicitFileType = wrapper.framework; includeInIndex = 0; path = Pods_shopifyChallengeUITests.framework; sourceTree = BUILT_PRODUCTS_DIR; };
		C4C0DCD0BB22291E5B6F8713 /* Pods_shopifyChallengeTests.framework */ = {isa = PBXFileReference; explicitFileType = wrapper.framework; includeInIndex = 0; path = Pods_shopifyChallengeTests.framework; sourceTree = BUILT_PRODUCTS_DIR; };
		D53011FD6C48C022AE1CA581 /* Pods-shopifyChallenge.release.xcconfig */ = {isa = PBXFileReference; includeInIndex = 1; lastKnownFileType = text.xcconfig; name = "Pods-shopifyChallenge.release.xcconfig"; path = "Pods/Target Support Files/Pods-shopifyChallenge/Pods-shopifyChallenge.release.xcconfig"; sourceTree = "<group>"; };
		D550B43C38492CFB9D57A47A /* Pods-shopifyChallengeUITests.debug.xcconfig */ = {isa = PBXFileReference; includeInIndex = 1; lastKnownFileType = text.xcconfig; name = "Pods-shopifyChallengeUITests.debug.xcconfig"; path = "Pods/Target Support Files/Pods-shopifyChallengeUITests/Pods-shopifyChallengeUITests.debug.xcconfig"; sourceTree = "<group>"; };
/* End PBXFileReference section */

/* Begin PBXFrameworksBuildPhase section */
		510ED67B2156E30B00535AC1 /* Frameworks */ = {
			isa = PBXFrameworksBuildPhase;
			buildActionMask = 2147483647;
			files = (
				187E9CAA4FC44266522EE1A2 /* Pods_shopifyChallenge.framework in Frameworks */,
			);
			runOnlyForDeploymentPostprocessing = 0;
		};
		510ED68F2156E30D00535AC1 /* Frameworks */ = {
			isa = PBXFrameworksBuildPhase;
			buildActionMask = 2147483647;
			files = (
				AA3254EBB0408435A771555F /* Pods_shopifyChallengeTests.framework in Frameworks */,
			);
			runOnlyForDeploymentPostprocessing = 0;
		};
		510ED69A2156E30D00535AC1 /* Frameworks */ = {
			isa = PBXFrameworksBuildPhase;
			buildActionMask = 2147483647;
			files = (
				35E7D4D95569C3E24034842D /* Pods_shopifyChallengeUITests.framework in Frameworks */,
			);
			runOnlyForDeploymentPostprocessing = 0;
		};
/* End PBXFrameworksBuildPhase section */

/* Begin PBXGroup section */
		10073152C7B574DA5F014D82 /* Frameworks */ = {
			isa = PBXGroup;
			children = (
				31B26C4AC1C98E618EB8AF45 /* Pods_shopifyChallenge.framework */,
				C4C0DCD0BB22291E5B6F8713 /* Pods_shopifyChallengeTests.framework */,
				BEE2D2ABC2891DE37C68016F /* Pods_shopifyChallengeUITests.framework */,
			);
			name = Frameworks;
			sourceTree = "<group>";
		};
		510ED6752156E30B00535AC1 = {
			isa = PBXGroup;
			children = (
				510ED6802156E30B00535AC1 /* shopifyChallenge */,
				510ED6952156E30D00535AC1 /* shopifyChallengeTests */,
				510ED6A02156E30D00535AC1 /* shopifyChallengeUITests */,
				510ED67F2156E30B00535AC1 /* Products */,
				A8266967227AC7AA1615C3D6 /* Pods */,
				10073152C7B574DA5F014D82 /* Frameworks */,
			);
			sourceTree = "<group>";
		};
		510ED67F2156E30B00535AC1 /* Products */ = {
			isa = PBXGroup;
			children = (
				510ED67E2156E30B00535AC1 /* shopifyChallenge.app */,
				510ED6922156E30D00535AC1 /* shopifyChallengeTests.xctest */,
				510ED69D2156E30D00535AC1 /* shopifyChallengeUITests.xctest */,
			);
			name = Products;
			sourceTree = "<group>";
		};
		510ED6802156E30B00535AC1 /* shopifyChallenge */ = {
			isa = PBXGroup;
			children = (
				510ED6812156E30B00535AC1 /* AppDelegate.swift */,
				510ED6AF2156E3BC00535AC1 /* tagTableVC.swift */,
				510ED6B32156E3E400535AC1 /* tagTableCell.swift */,
				510ED6B42156E3E400535AC1 /* tagTableCell.xib */,
				510ED6B72156E3F400535AC1 /* productTableCell.swift */,
				510ED6B82156E3F400535AC1 /* productTableCell.xib */,
				510ED6B12156E3CB00535AC1 /* productTableVC.swift */,
				510ED6852156E30B00535AC1 /* Main.storyboard */,
				510ED6882156E30C00535AC1 /* Assets.xcassets */,
				510ED68A2156E30C00535AC1 /* LaunchScreen.storyboard */,
				510ED68D2156E30C00535AC1 /* Info.plist */,
			);
			path = shopifyChallenge;
			sourceTree = "<group>";
		};
		510ED6952156E30D00535AC1 /* shopifyChallengeTests */ = {
			isa = PBXGroup;
			children = (
				510ED6962156E30D00535AC1 /* shopifyChallengeTests.swift */,
				510ED6982156E30D00535AC1 /* Info.plist */,
			);
			path = shopifyChallengeTests;
			sourceTree = "<group>";
		};
		510ED6A02156E30D00535AC1 /* shopifyChallengeUITests */ = {
			isa = PBXGroup;
			children = (
				510ED6A12156E30D00535AC1 /* shopifyChallengeUITests.swift */,
				510ED6A32156E30D00535AC1 /* Info.plist */,
			);
			path = shopifyChallengeUITests;
			sourceTree = "<group>";
		};
		A8266967227AC7AA1615C3D6 /* Pods */ = {
			isa = PBXGroup;
			children = (
				AF26ECC23080CA2EED4F8C24 /* Pods-shopifyChallenge.debug.xcconfig */,
				D53011FD6C48C022AE1CA581 /* Pods-shopifyChallenge.release.xcconfig */,
				B08B8103267A10BB209C1476 /* Pods-shopifyChallengeTests.debug.xcconfig */,
				8438B44B1FBEC3B200ABAD19 /* Pods-shopifyChallengeTests.release.xcconfig */,
				D550B43C38492CFB9D57A47A /* Pods-shopifyChallengeUITests.debug.xcconfig */,
				4B17C3F685301891E51A0C77 /* Pods-shopifyChallengeUITests.release.xcconfig */,
			);
			name = Pods;
			sourceTree = "<group>";
		};
/* End PBXGroup section */

/* Begin PBXNativeTarget section */
		510ED67D2156E30B00535AC1 /* shopifyChallenge */ = {
			isa = PBXNativeTarget;
			buildConfigurationList = 510ED6A62156E30D00535AC1 /* Build configuration list for PBXNativeTarget "shopifyChallenge" */;
			buildPhases = (
				B0793200ADA632503F21FD86 /* [CP] Check Pods Manifest.lock */,
				510ED67A2156E30B00535AC1 /* Sources */,
				510ED67B2156E30B00535AC1 /* Frameworks */,
				510ED67C2156E30B00535AC1 /* Resources */,
				644D1D018EE4B12DAF4F0288 /* [CP] Embed Pods Frameworks */,
			);
			buildRules = (
			);
			dependencies = (
			);
			name = shopifyChallenge;
			productName = shopifyChallenge;
			productReference = 510ED67E2156E30B00535AC1 /* shopifyChallenge.app */;
			productType = "com.apple.product-type.application";
		};
		510ED6912156E30D00535AC1 /* shopifyChallengeTests */ = {
			isa = PBXNativeTarget;
			buildConfigurationList = 510ED6A92156E30D00535AC1 /* Build configuration list for PBXNativeTarget "shopifyChallengeTests" */;
			buildPhases = (
				81EC347ED150D3A99B6FE45B /* [CP] Check Pods Manifest.lock */,
				510ED68E2156E30D00535AC1 /* Sources */,
				510ED68F2156E30D00535AC1 /* Frameworks */,
				510ED6902156E30D00535AC1 /* Resources */,
			);
			buildRules = (
			);
			dependencies = (
				510ED6942156E30D00535AC1 /* PBXTargetDependency */,
			);
			name = shopifyChallengeTests;
			productName = shopifyChallengeTests;
			productReference = 510ED6922156E30D00535AC1 /* shopifyChallengeTests.xctest */;
			productType = "com.apple.product-type.bundle.unit-test";
		};
		510ED69C2156E30D00535AC1 /* shopifyChallengeUITests */ = {
			isa = PBXNativeTarget;
			buildConfigurationList = 510ED6AC2156E30D00535AC1 /* Build configuration list for PBXNativeTarget "shopifyChallengeUITests" */;
			buildPhases = (
				A4228B34702DFF2DABF6415A /* [CP] Check Pods Manifest.lock */,
				510ED6992156E30D00535AC1 /* Sources */,
				510ED69A2156E30D00535AC1 /* Frameworks */,
				510ED69B2156E30D00535AC1 /* Resources */,
			);
			buildRules = (
			);
			dependencies = (
				510ED69F2156E30D00535AC1 /* PBXTargetDependency */,
			);
			name = shopifyChallengeUITests;
			productName = shopifyChallengeUITests;
			productReference = 510ED69D2156E30D00535AC1 /* shopifyChallengeUITests.xctest */;
			productType = "com.apple.product-type.bundle.ui-testing";
		};
/* End PBXNativeTarget section */

/* Begin PBXProject section */
		510ED6762156E30B00535AC1 /* Project object */ = {
			isa = PBXProject;
			attributes = {
				LastSwiftUpdateCheck = 0940;
				LastUpgradeCheck = 0940;
				ORGANIZATIONNAME = "Luna Cao";
				TargetAttributes = {
					510ED67D2156E30B00535AC1 = {
						CreatedOnToolsVersion = 9.4.1;
					};
					510ED6912156E30D00535AC1 = {
						CreatedOnToolsVersion = 9.4.1;
						TestTargetID = 510ED67D2156E30B00535AC1;
					};
					510ED69C2156E30D00535AC1 = {
						CreatedOnToolsVersion = 9.4.1;
						TestTargetID = 510ED67D2156E30B00535AC1;
					};
				};
			};
			buildConfigurationList = 510ED6792156E30B00535AC1 /* Build configuration list for PBXProject "shopifyChallenge" */;
			compatibilityVersion = "Xcode 9.3";
			developmentRegion = en;
			hasScannedForEncodings = 0;
			knownRegions = (
				en,
				Base,
			);
			mainGroup = 510ED6752156E30B00535AC1;
			productRefGroup = 510ED67F2156E30B00535AC1 /* Products */;
			projectDirPath = "";
			projectRoot = "";
			targets = (
				510ED67D2156E30B00535AC1 /* shopifyChallenge */,
				510ED6912156E30D00535AC1 /* shopifyChallengeTests */,
				510ED69C2156E30D00535AC1 /* shopifyChallengeUITests */,
			);
		};
/* End PBXProject section */

/* Begin PBXResourcesBuildPhase section */
		510ED67C2156E30B00535AC1 /* Resources */ = {
			isa = PBXResourcesBuildPhase;
			buildActionMask = 2147483647;
			files = (
				510ED68C2156E30C00535AC1 /* LaunchScreen.storyboard in Resources */,
				510ED6B62156E3E400535AC1 /* tagTableCell.xib in Resources */,
				510ED6BA2156E3F400535AC1 /* productTableCell.xib in Resources */,
				510ED6892156E30C00535AC1 /* Assets.xcassets in Resources */,
				510ED6872156E30B00535AC1 /* Main.storyboard in Resources */,
			);
			runOnlyForDeploymentPostprocessing = 0;
		};
		510ED6902156E30D00535AC1 /* Resources */ = {
			isa = PBXResourcesBuildPhase;
			buildActionMask = 2147483647;
			files = (
			);
			runOnlyForDeploymentPostprocessing = 0;
		};
		510ED69B2156E30D00535AC1 /* Resources */ = {
			isa = PBXResourcesBuildPhase;
			buildActionMask = 2147483647;
			files = (
			);
			runOnlyForDeploymentPostprocessing = 0;
		};
/* End PBXResourcesBuildPhase section */

/* Begin PBXShellScriptBuildPhase section */
		644D1D018EE4B12DAF4F0288 /* [CP] Embed Pods Frameworks */ = {
			isa = PBXShellScriptBuildPhase;
			buildActionMask = 2147483647;
			files = (
			);
			inputPaths = (
				"${SRCROOT}/Pods/Target Support Files/Pods-shopifyChallenge/Pods-shopifyChallenge-frameworks.sh",
				"${BUILT_PRODUCTS_DIR}/Alamofire/Alamofire.framework",
			);
			name = "[CP] Embed Pods Frameworks";
			outputPaths = (
				"${TARGET_BUILD_DIR}/${FRAMEWORKS_FOLDER_PATH}/Alamofire.framework",
			);
			runOnlyForDeploymentPostprocessing = 0;
			shellPath = /bin/sh;
			shellScript = "\"${SRCROOT}/Pods/Target Support Files/Pods-shopifyChallenge/Pods-shopifyChallenge-frameworks.sh\"\n";
			showEnvVarsInLog = 0;
		};
		81EC347ED150D3A99B6FE45B /* [CP] Check Pods Manifest.lock */ = {
			isa = PBXShellScriptBuildPhase;
			buildActionMask = 2147483647;
			files = (
			);
			inputPaths = (
				"${PODS_PODFILE_DIR_PATH}/Podfile.lock",
				"${PODS_ROOT}/Manifest.lock",
			);
			name = "[CP] Check Pods Manifest.lock";
			outputPaths = (
				"$(DERIVED_FILE_DIR)/Pods-shopifyChallengeTests-checkManifestLockResult.txt",
			);
			runOnlyForDeploymentPostprocessing = 0;
			shellPath = /bin/sh;
			shellScript = "diff \"${PODS_PODFILE_DIR_PATH}/Podfile.lock\" \"${PODS_ROOT}/Manifest.lock\" > /dev/null\nif [ $? != 0 ] ; then\n    # print error to STDERR\n    echo \"error: The sandbox is not in sync with the Podfile.lock. Run 'pod install' or update your CocoaPods installation.\" >&2\n    exit 1\nfi\n# This output is used by Xcode 'outputs' to avoid re-running this script phase.\necho \"SUCCESS\" > \"${SCRIPT_OUTPUT_FILE_0}\"\n";
			showEnvVarsInLog = 0;
		};
		A4228B34702DFF2DABF6415A /* [CP] Check Pods Manifest.lock */ = {
			isa = PBXShellScriptBuildPhase;
			buildActionMask = 2147483647;
			files = (
			);
			inputPaths = (
				"${PODS_PODFILE_DIR_PATH}/Podfile.lock",
				"${PODS_ROOT}/Manifest.lock",
			);
			name = "[CP] Check Pods Manifest.lock";
			outputPaths = (
				"$(DERIVED_FILE_DIR)/Pods-shopifyChallengeUITests-checkManifestLockResult.txt",
			);
			runOnlyForDeploymentPostprocessing = 0;
			shellPath = /bin/sh;
			shellScript = "diff \"${PODS_PODFILE_DIR_PATH}/Podfile.lock\" \"${PODS_ROOT}/Manifest.lock\" > /dev/null\nif [ $? != 0 ] ; then\n    # print error to STDERR\n    echo \"error: The sandbox is not in sync with the Podfile.lock. Run 'pod install' or update your CocoaPods installation.\" >&2\n    exit 1\nfi\n# This output is used by Xcode 'outputs' to avoid re-running this script phase.\necho \"SUCCESS\" > \"${SCRIPT_OUTPUT_FILE_0}\"\n";
			showEnvVarsInLog = 0;
		};
		B0793200ADA632503F21FD86 /* [CP] Check Pods Manifest.lock */ = {
			isa = PBXShellScriptBuildPhase;
			buildActionMask = 2147483647;
			files = (
			);
			inputPaths = (
				"${PODS_PODFILE_DIR_PATH}/Podfile.lock",
				"${PODS_ROOT}/Manifest.lock",
			);
			name = "[CP] Check Pods Manifest.lock";
			outputPaths = (
				"$(DERIVED_FILE_DIR)/Pods-shopifyChallenge-checkManifestLockResult.txt",
			);
			runOnlyForDeploymentPostprocessing = 0;
			shellPath = /bin/sh;
			shellScript = "diff \"${PODS_PODFILE_DIR_PATH}/Podfile.lock\" \"${PODS_ROOT}/Manifest.lock\" > /dev/null\nif [ $? != 0 ] ; then\n    # print error to STDERR\n    echo \"error: The sandbox is not in sync with the Podfile.lock. Run 'pod install' or update your CocoaPods installation.\" >&2\n    exit 1\nfi\n# This output is used by Xcode 'outputs' to avoid re-running this script phase.\necho \"SUCCESS\" > \"${SCRIPT_OUTPUT_FILE_0}\"\n";
			showEnvVarsInLog = 0;
		};
/* End PBXShellScriptBuildPhase section */

/* Begin PBXSourcesBuildPhase section */
		510ED67A2156E30B00535AC1 /* Sources */ = {
			isa = PBXSourcesBuildPhase;
			buildActionMask = 2147483647;
			files = (
				510ED6B22156E3CB00535AC1 /* productTableVC.swift in Sources */,
				510ED6B02156E3BC00535AC1 /* tagTableVC.swift in Sources */,
				510ED6B52156E3E400535AC1 /* tagTableCell.swift in Sources */,
				510ED6B92156E3F400535AC1 /* productTableCell.swift in Sources */,
				510ED6822156E30B00535AC1 /* AppDelegate.swift in Sources */,
			);
			runOnlyForDeploymentPostprocessing = 0;
		};
		510ED68E2156E30D00535AC1 /* Sources */ = {
			isa = PBXSourcesBuildPhase;
			buildActionMask = 2147483647;
			files = (
				510ED6972156E30D00535AC1 /* shopifyChallengeTests.swift in Sources */,
			);
			runOnlyForDeploymentPostprocessing = 0;
		};
		510ED6992156E30D00535AC1 /* Sources */ = {
			isa = PBXSourcesBuildPhase;
			buildActionMask = 2147483647;
			files = (
				510ED6A22156E30D00535AC1 /* shopifyChallengeUITests.swift in Sources */,
			);
			runOnlyForDeploymentPostprocessing = 0;
		};
/* End PBXSourcesBuildPhase section */

/* Begin PBXTargetDependency section */
		510ED6942156E30D00535AC1 /* PBXTargetDependency */ = {
			isa = PBXTargetDependency;
			target = 510ED67D2156E30B00535AC1 /* shopifyChallenge */;
			targetProxy = 510ED6932156E30D00535AC1 /* PBXContainerItemProxy */;
		};
		510ED69F2156E30D00535AC1 /* PBXTargetDependency */ = {
			isa = PBXTargetDependency;
			target = 510ED67D2156E30B00535AC1 /* shopifyChallenge */;
			targetProxy = 510ED69E2156E30D00535AC1 /* PBXContainerItemProxy */;
		};
/* End PBXTargetDependency section */

/* Begin PBXVariantGroup section */
		510ED6852156E30B00535AC1 /* Main.storyboard */ = {
			isa = PBXVariantGroup;
			children = (
				510ED6862156E30B00535AC1 /* Base */,
			);
			name = Main.storyboard;
			sourceTree = "<group>";
		};
		510ED68A2156E30C00535AC1 /* LaunchScreen.storyboard */ = {
			isa = PBXVariantGroup;
			children = (
				510ED68B2156E30C00535AC1 /* Base */,
			);
			name = LaunchScreen.storyboard;
			sourceTree = "<group>";
		};
/* End PBXVariantGroup section */

/* Begin XCBuildConfiguration section */
		510ED6A42156E30D00535AC1 /* Debug */ = {
			isa = XCBuildConfiguration;
			buildSettings = {
				ALWAYS_SEARCH_USER_PATHS = NO;
				CLANG_ANALYZER_NONNULL = YES;
				CLANG_ANALYZER_NUMBER_OBJECT_CONVERSION = YES_AGGRESSIVE;
				CLANG_CXX_LANGUAGE_STANDARD = "gnu++14";
				CLANG_CXX_LIBRARY = "libc++";
				CLANG_ENABLE_MODULES = YES;
				CLANG_ENABLE_OBJC_ARC = YES;
				CLANG_ENABLE_OBJC_WEAK = YES;
				CLANG_WARN_BLOCK_CAPTURE_AUTORELEASING = YES;
				CLANG_WARN_BOOL_CONVERSION = YES;
				CLANG_WARN_COMMA = YES;
				CLANG_WARN_CONSTANT_CONVERSION = YES;
				CLANG_WARN_DEPRECATED_OBJC_IMPLEMENTATIONS = YES;
				CLANG_WARN_DIRECT_OBJC_ISA_USAGE = YES_ERROR;
				CLANG_WARN_DOCUMENTATION_COMMENTS = YES;
				CLANG_WARN_EMPTY_BODY = YES;
				CLANG_WARN_ENUM_CONVERSION = YES;
				CLANG_WARN_INFINITE_RECURSION = YES;
				CLANG_WARN_INT_CONVERSION = YES;
				CLANG_WARN_NON_LITERAL_NULL_CONVERSION = YES;
				CLANG_WARN_OBJC_IMPLICIT_RETAIN_SELF = YES;
				CLANG_WARN_OBJC_LITERAL_CONVERSION = YES;
				CLANG_WARN_OBJC_ROOT_CLASS = YES_ERROR;
				CLANG_WARN_RANGE_LOOP_ANALYSIS = YES;
				CLANG_WARN_STRICT_PROTOTYPES = YES;
				CLANG_WARN_SUSPICIOUS_MOVE = YES;
				CLANG_WARN_UNGUARDED_AVAILABILITY = YES_AGGRESSIVE;
				CLANG_WARN_UNREACHABLE_CODE = YES;
				CLANG_WARN__DUPLICATE_METHOD_MATCH = YES;
				CODE_SIGN_IDENTITY = "iPhone Developer";
				COPY_PHASE_STRIP = NO;
				DEBUG_INFORMATION_FORMAT = dwarf;
				ENABLE_STRICT_OBJC_MSGSEND = YES;
				ENABLE_TESTABILITY = YES;
				GCC_C_LANGUAGE_STANDARD = gnu11;
				GCC_DYNAMIC_NO_PIC = NO;
				GCC_NO_COMMON_BLOCKS = YES;
				GCC_OPTIMIZATION_LEVEL = 0;
				GCC_PREPROCESSOR_DEFINITIONS = (
					"DEBUG=1",
					"$(inherited)",
				);
				GCC_WARN_64_TO_32_BIT_CONVERSION = YES;
				GCC_WARN_ABOUT_RETURN_TYPE = YES_ERROR;
				GCC_WARN_UNDECLARED_SELECTOR = YES;
				GCC_WARN_UNINITIALIZED_AUTOS = YES_AGGRESSIVE;
				GCC_WARN_UNUSED_FUNCTION = YES;
				GCC_WARN_UNUSED_VARIABLE = YES;
				IPHONEOS_DEPLOYMENT_TARGET = 11.4;
				MTL_ENABLE_DEBUG_INFO = YES;
				ONLY_ACTIVE_ARCH = YES;
				SDKROOT = iphoneos;
				SWIFT_ACTIVE_COMPILATION_CONDITIONS = DEBUG;
				SWIFT_OPTIMIZATION_LEVEL = "-Onone";
			};
			name = Debug;
		};
		510ED6A52156E30D00535AC1 /* Release */ = {
			isa = XCBuildConfiguration;
			buildSettings = {
				ALWAYS_SEARCH_USER_PATHS = NO;
				CLANG_ANALYZER_NONNULL = YES;
				CLANG_ANALYZER_NUMBER_OBJECT_CONVERSION = YES_AGGRESSIVE;
				CLANG_CXX_LANGUAGE_STANDARD = "gnu++14";
				CLANG_CXX_LIBRARY = "libc++";
				CLANG_ENABLE_MODULES = YES;
				CLANG_ENABLE_OBJC_ARC = YES;
				CLANG_ENABLE_OBJC_WEAK = YES;
				CLANG_WARN_BLOCK_CAPTURE_AUTORELEASING = YES;
				CLANG_WARN_BOOL_CONVERSION = YES;
				CLANG_WARN_COMMA = YES;
				CLANG_WARN_CONSTANT_CONVERSION = YES;
				CLANG_WARN_DEPRECATED_OBJC_IMPLEMENTATIONS = YES;
				CLANG_WARN_DIRECT_OBJC_ISA_USAGE = YES_ERROR;
				CLANG_WARN_DOCUMENTATION_COMMENTS = YES;
				CLANG_WARN_EMPTY_BODY = YES;
				CLANG_WARN_ENUM_CONVERSION = YES;
				CLANG_WARN_INFINITE_RECURSION = YES;
				CLANG_WARN_INT_CONVERSION = YES;
				CLANG_WARN_NON_LITERAL_NULL_CONVERSION = YES;
				CLANG_WARN_OBJC_IMPLICIT_RETAIN_SELF = YES;
				CLANG_WARN_OBJC_LITERAL_CONVERSION = YES;
				CLANG_WARN_OBJC_ROOT_CLASS = YES_ERROR;
				CLANG_WARN_RANGE_LOOP_ANALYSIS = YES;
				CLANG_WARN_STRICT_PROTOTYPES = YES;
				CLANG_WARN_SUSPICIOUS_MOVE = YES;
				CLANG_WARN_UNGUARDED_AVAILABILITY = YES_AGGRESSIVE;
				CLANG_WARN_UNREACHABLE_CODE = YES;
				CLANG_WARN__DUPLICATE_METHOD_MATCH = YES;
				CODE_SIGN_IDENTITY = "iPhone Developer";
				COPY_PHASE_STRIP = NO;
				DEBUG_INFORMATION_FORMAT = "dwarf-with-dsym";
				ENABLE_NS_ASSERTIONS = NO;
				ENABLE_STRICT_OBJC_MSGSEND = YES;
				GCC_C_LANGUAGE_STANDARD = gnu11;
				GCC_NO_COMMON_BLOCKS = YES;
				GCC_WARN_64_TO_32_BIT_CONVERSION = YES;
				GCC_WARN_ABOUT_RETURN_TYPE = YES_ERROR;
				GCC_WARN_UNDECLARED_SELECTOR = YES;
				GCC_WARN_UNINITIALIZED_AUTOS = YES_AGGRESSIVE;
				GCC_WARN_UNUSED_FUNCTION = YES;
				GCC_WARN_UNUSED_VARIABLE = YES;
				IPHONEOS_DEPLOYMENT_TARGET = 11.4;
				MTL_ENABLE_DEBUG_INFO = NO;
				SDKROOT = iphoneos;
				SWIFT_COMPILATION_MODE = wholemodule;
				SWIFT_OPTIMIZATION_LEVEL = "-O";
				VALIDATE_PRODUCT = YES;
			};
			name = Release;
		};
		510ED6A72156E30D00535AC1 /* Debug */ = {
			isa = XCBuildConfiguration;
			baseConfigurationReference = AF26ECC23080CA2EED4F8C24 /* Pods-shopifyChallenge.debug.xcconfig */;
			buildSettings = {
				ASSETCATALOG_COMPILER_APPICON_NAME = AppIcon;
				CODE_SIGN_STYLE = Automatic;
				INFOPLIST_FILE = shopifyChallenge/Info.plist;
				LD_RUNPATH_SEARCH_PATHS = (
					"$(inherited)",
					"@executable_path/Frameworks",
				);
				PRODUCT_BUNDLE_IDENTIFIER = shopifyioschallengeques.shopifyChallenge;
				PRODUCT_NAME = "$(TARGET_NAME)";
				SWIFT_VERSION = 4.0;
				TARGETED_DEVICE_FAMILY = "1,2";
			};
			name = Debug;
		};
		510ED6A82156E30D00535AC1 /* Release */ = {
			isa = XCBuildConfiguration;
			baseConfigurationReference = D53011FD6C48C022AE1CA581 /* Pods-shopifyChallenge.release.xcconfig */;
			buildSettings = {
				ASSETCATALOG_COMPILER_APPICON_NAME = AppIcon;
				CODE_SIGN_STYLE = Automatic;
				INFOPLIST_FILE = shopifyChallenge/Info.plist;
				LD_RUNPATH_SEARCH_PATHS = (
					"$(inherited)",
					"@executable_path/Frameworks",
				);
				PRODUCT_BUNDLE_IDENTIFIER = shopifyioschallengeques.shopifyChallenge;
				PRODUCT_NAME = "$(TARGET_NAME)";
				SWIFT_VERSION = 4.0;
				TARGETED_DEVICE_FAMILY = "1,2";
			};
			name = Release;
		};
		510ED6AA2156E30D00535AC1 /* Debug */ = {
			isa = XCBuildConfiguration;
			baseConfigurationReference = B08B8103267A10BB209C1476 /* Pods-shopifyChallengeTests.debug.xcconfig */;
			buildSettings = {
				ALWAYS_EMBED_SWIFT_STANDARD_LIBRARIES = YES;
				BUNDLE_LOADER = "$(TEST_HOST)";
				CODE_SIGN_STYLE = Automatic;
				INFOPLIST_FILE = shopifyChallengeTests/Info.plist;
				LD_RUNPATH_SEARCH_PATHS = (
					"$(inherited)",
					"@executable_path/Frameworks",
					"@loader_path/Frameworks",
				);
				PRODUCT_BUNDLE_IDENTIFIER = shopifyioschallengeques.shopifyChallengeTests;
				PRODUCT_NAME = "$(TARGET_NAME)";
				SWIFT_VERSION = 4.0;
				TARGETED_DEVICE_FAMILY = "1,2";
				TEST_HOST = "$(BUILT_PRODUCTS_DIR)/shopifyChallenge.app/shopifyChallenge";
			};
			name = Debug;
		};
		510ED6AB2156E30D00535AC1 /* Release */ = {
			isa = XCBuildConfiguration;
			baseConfigurationReference = 8438B44B1FBEC3B200ABAD19 /* Pods-shopifyChallengeTests.release.xcconfig */;
			buildSettings = {
				ALWAYS_EMBED_SWIFT_STANDARD_LIBRARIES = YES;
				BUNDLE_LOADER = "$(TEST_HOST)";
				CODE_SIGN_STYLE = Automatic;
				INFOPLIST_FILE = shopifyChallengeTests/Info.plist;
				LD_RUNPATH_SEARCH_PATHS = (
					"$(inherited)",
					"@executable_path/Frameworks",
					"@loader_path/Frameworks",
				);
				PRODUCT_BUNDLE_IDENTIFIER = shopifyioschallengeques.shopifyChallengeTests;
				PRODUCT_NAME = "$(TARGET_NAME)";
				SWIFT_VERSION = 4.0;
				TARGETED_DEVICE_FAMILY = "1,2";
				TEST_HOST = "$(BUILT_PRODUCTS_DIR)/shopifyChallenge.app/shopifyChallenge";
			};
			name = Release;
		};
		510ED6AD2156E30D00535AC1 /* Debug */ = {
			isa = XCBuildConfiguration;
			baseConfigurationReference = D550B43C38492CFB9D57A47A /* Pods-shopifyChallengeUITests.debug.xcconfig */;
			buildSettings = {
				ALWAYS_EMBED_SWIFT_STANDARD_LIBRARIES = YES;
				CODE_SIGN_STYLE = Automatic;
				INFOPLIST_FILE = shopifyChallengeUITests/Info.plist;
				LD_RUNPATH_SEARCH_PATHS = (
					"$(inherited)",
					"@executable_path/Frameworks",
					"@loader_path/Frameworks",
				);
				PRODUCT_BUNDLE_IDENTIFIER = shopifyioschallengeques.shopifyChallengeUITests;
				PRODUCT_NAME = "$(TARGET_NAME)";
				SWIFT_VERSION = 4.0;
				TARGETED_DEVICE_FAMILY = "1,2";
				TEST_TARGET_NAME = shopifyChallenge;
			};
			name = Debug;
		};
		510ED6AE2156E30D00535AC1 /* Release */ = {
			isa = XCBuildConfiguration;
			baseConfigurationReference = 4B17C3F685301891E51A0C77 /* Pods-shopifyChallengeUITests.release.xcconfig */;
			buildSettings = {
				ALWAYS_EMBED_SWIFT_STANDARD_LIBRARIES = YES;
				CODE_SIGN_STYLE = Automatic;
				INFOPLIST_FILE = shopifyChallengeUITests/Info.plist;
				LD_RUNPATH_SEARCH_PATHS = (
					"$(inherited)",
					"@executable_path/Frameworks",
					"@loader_path/Frameworks",
				);
				PRODUCT_BUNDLE_IDENTIFIER = shopifyioschallengeques.shopifyChallengeUITests;
				PRODUCT_NAME = "$(TARGET_NAME)";
				SWIFT_VERSION = 4.0;
				TARGETED_DEVICE_FAMILY = "1,2";
				TEST_TARGET_NAME = shopifyChallenge;
			};
			name = Release;
		};
/* End XCBuildConfiguration section */

/* Begin XCConfigurationList section */
		510ED6792156E30B00535AC1 /* Build configuration list for PBXProject "shopifyChallenge" */ = {
			isa = XCConfigurationList;
			buildConfigurations = (
				510ED6A42156E30D00535AC1 /* Debug */,
				510ED6A52156E30D00535AC1 /* Release */,
			);
			defaultConfigurationIsVisible = 0;
			defaultConfigurationName = Release;
		};
		510ED6A62156E30D00535AC1 /* Build configuration list for PBXNativeTarget "shopifyChallenge" */ = {
			isa = XCConfigurationList;
			buildConfigurations = (
				510ED6A72156E30D00535AC1 /* Debug */,
				510ED6A82156E30D00535AC1 /* Release */,
			);
			defaultConfigurationIsVisible = 0;
			defaultConfigurationName = Release;
		};
		510ED6A92156E30D00535AC1 /* Build configuration list for PBXNativeTarget "shopifyChallengeTests" */ = {
			isa = XCConfigurationList;
			buildConfigurations = (
				510ED6AA2156E30D00535AC1 /* Debug */,
				510ED6AB2156E30D00535AC1 /* Release */,
			);
			defaultConfigurationIsVisible = 0;
			defaultConfigurationName = Release;
		};
		510ED6AC2156E30D00535AC1 /* Build configuration list for PBXNativeTarget "shopifyChallengeUITests" */ = {
			isa = XCConfigurationList;
			buildConfigurations = (
				510ED6AD2156E30D00535AC1 /* Debug */,
				510ED6AE2156E30D00535AC1 /* Release */,
			);
			defaultConfigurationIsVisible = 0;
			defaultConfigurationName = Release;
		};
/* End XCConfigurationList section */
	};
	rootObject = 510ED6762156E30B00535AC1 /* Project object */;
}
